PODS:
  - Flutter (1.0.0)
  - flutter_webrtc (0.9.36):
    - Flutter
    - WebRTC-SDK (= 114.5735.06)
  - path_provider_foundation (0.0.1):
    - Flutter
    - FlutterMacOS
  - sensors_plus (0.0.1):
    - Flutter
  - WebRTC-SDK (114.5735.06)

DEPENDENCIES:
  - Flutter (from `Flutter`)
  - flutter_webrtc (from `.symlinks/plugins/flutter_webrtc/ios`)
  - path_provider_foundation (from `.symlinks/plugins/path_provider_foundation/darwin`)
  - sensors_plus (from `.symlinks/plugins/sensors_plus/ios`)

SPEC REPOS:
  trunk:
    - WebRTC-SDK

EXTERNAL SOURCES:
  Flutter:
    :path: Flutter
  flutter_webrtc:
    :path: ".symlinks/plugins/flutter_webrtc/ios"
  path_provider_foundation:
    :path: ".symlinks/plugins/path_provider_foundation/darwin"
  sensors_plus:
    :path: ".symlinks/plugins/sensors_plus/ios"

SPEC CHECKSUMS:
  Flutter: f04841e97a9d0b0a8025694d0796dd46242b2854
  flutter_webrtc: f68729df17505abbca7d48783d4bae1e6dba0fc8
  path_provider_foundation: eaf5b3e458fc0e5fbb9940fb09980e853fe058b8
  sensors_plus: bda64198ccc7d3ccbb49e6ae17d92f67687bee20
  WebRTC-SDK: ea0f6b6910e4311767640120687ebd2bcd0f8cae

PODFILE CHECKSUM: 8c5523906381dcb8b0ef72267ae1b56b3efb8979

COCOAPODS: 1.12.1
